
Microsoft Visual Studio Solution File, Format Version 12.00
# Visual Studio Version 17
VisualStudioVersion = 17.8.34330.188
MinimumVisualStudioVersion = 10.0.40219.1
Project("{FAE04EC0-301F-11D3-BF4B-00C04F79EFBC}") = "DesignPrinciplesExamples", "DesignPrinciplesExamples\DesignPrinciplesExamples.csproj", "{22E4256B-5996-4280-A145-ED74E5C997C5}"
EndProject
Global
	GlobalSection(SolutionConfigurationPlatforms) = preSolution
		Debug|Any CPU = Debug|Any CPU
		Release|Any CPU = Release|Any CPU
	EndGlobalSection
	GlobalSection(ProjectConfigurationPlatforms) = postSolution
		{22E4256B-5996-4280-A145-ED74E5C997C5}.Debug|Any CPU.ActiveCfg = Debug|Any CPU
		{22E4256B-5996-4280-A145-ED74E5C997C5}.Debug|Any CPU.Build.0 = Debug|Any CPU
		{22E4256B-5996-4280-A145-ED74E5C997C5}.Release|Any CPU.ActiveCfg = Release|Any CPU
		{22E4256B-5996-4280-A145-ED74E5C997C5}.Release|Any CPU.Build.0 = Release|Any CPU
	EndGlobalSection
	GlobalSection(SolutionProperties) = preSolution
		HideSolutionNode = FALSE
	EndGlobalSection
	GlobalSection(ExtensibilityGlobals) = postSolution
		SolutionGuid = {D1C8A23E-79C0-4B37-8539-8EBC9249A9AC}
	EndGlobalSection
EndGlobal
